
Microsoft Visual Studio Solution File, Format Version 12.00
# Visual Studio Version 16
VisualStudioVersion = 16.0.30225.117
MinimumVisualStudioVersion = 10.0.40219.1
Project("{FAE04EC0-301F-11D3-BF4B-00C04F79EFBC}") = "APIUsuario", "APIUsuario\APIUsuario.csproj", "{463DEF3B-AF28-4A5D-8152-4194B4E9617E}"
EndProject
Global
	GlobalSection(SolutionConfigurationPlatforms) = preSolution
		Debug|Any CPU = Debug|Any CPU
		Release|Any CPU = Release|Any CPU
	EndGlobalSection
	GlobalSection(ProjectConfigurationPlatforms) = postSolution
		{463DEF3B-AF28-4A5D-8152-4194B4E9617E}.Debug|Any CPU.ActiveCfg = Debug|Any CPU
		{463DEF3B-AF28-4A5D-8152-4194B4E9617E}.Debug|Any CPU.Build.0 = Debug|Any CPU
		{463DEF3B-AF28-4A5D-8152-4194B4E9617E}.Release|Any CPU.ActiveCfg = Release|Any CPU
		{463DEF3B-AF28-4A5D-8152-4194B4E9617E}.Release|Any CPU.Build.0 = Release|Any CPU
	EndGlobalSection
	GlobalSection(SolutionProperties) = preSolution
		HideSolutionNode = FALSE
	EndGlobalSection
	GlobalSection(ExtensibilityGlobals) = postSolution
		SolutionGuid = {0169D0B1-3EC6-418B-9916-7867C0BD4592}
	EndGlobalSection
EndGlobal
